
Microsoft Visual Studio Solution File, Format Version 12.00
# Visual Studio Version 17
VisualStudioVersion = 17.9.34728.123
MinimumVisualStudioVersion = 10.0.40219.1
Project("{FAE04EC0-301F-11D3-BF4B-00C04F79EFBC}") = "SMTSaveAPI", "SMTSaveAPI\SMTSaveAPI.csproj", "{6B9AE208-F3CC-44BB-AE77-CAC2E3E4332C}"
EndProject
Global
	GlobalSection(SolutionConfigurationPlatforms) = preSolution
		Debug|Any CPU = Debug|Any CPU
		Release|Any CPU = Release|Any CPU
	EndGlobalSection
	GlobalSection(ProjectConfigurationPlatforms) = postSolution
		{6B9AE208-F3CC-44BB-AE77-CAC2E3E4332C}.Debug|Any CPU.ActiveCfg = Debug|Any CPU
		{6B9AE208-F3CC-44BB-AE77-CAC2E3E4332C}.Debug|Any CPU.Build.0 = Debug|Any CPU
		{6B9AE208-F3CC-44BB-AE77-CAC2E3E4332C}.Release|Any CPU.ActiveCfg = Release|Any CPU
		{6B9AE208-F3CC-44BB-AE77-CAC2E3E4332C}.Release|Any CPU.Build.0 = Release|Any CPU
	EndGlobalSection
	GlobalSection(SolutionProperties) = preSolution
		HideSolutionNode = FALSE
	EndGlobalSection
	GlobalSection(ExtensibilityGlobals) = postSolution
		SolutionGuid = {6AFCCCEC-56C3-4CB6-AA46-0FE3B2700672}
	EndGlobalSection
EndGlobal
